{
  "name": "react-native-material-basic",
  "version": "0.0.1",
  "lockfileVersion": 1,
  "requires": true,
  "dependencies": {
    "react-native-typography": {
      "version": "1.4.1",
      "resolved": "https://registry.npmjs.org/react-native-typography/-/react-native-typography-1.4.1.tgz",
      "integrity": "sha512-dc9Zfs4jUdq4ygx4/KwO6jKTERBu6cRrfPJGntw/pA+D6BMjlWfMNuhZ/69vf4Zpsnt9s4AGe+Z/V1QFYaCXAA=="
    }
  }
}
